<?xml version="1.0" encoding="utf-8"?>
<Project ToolsVersion="4.0" xmlns="http://schemas.microsoft.com/developer/msbuild/2003">
  <ItemGroup>
    <Filter Include="Source Files">
      <UniqueIdentifier>{4FC737F1-C7A5-4376-A066-2A32D752A2FF}</UniqueIdentifier>
      <Extensions>cpp;c;cc;cxx;def;odl;idl;hpj;bat;asm;asmx</Extensions>
    </Filter>
    <Filter Include="Header Files">
      <UniqueIdentifier>{93995380-89BD-4b04-88EB-625FBE52EBFB}</UniqueIdentifier>
      <Extensions>h;hh;hpp;hxx;hm;inl;inc;xsd</Extensions>
    </Filter>
    <Filter Include="Resource Files">
      <UniqueIdentifier>{67DA6AB6-F800-4c08-8B7A-83BB121AAD01}</UniqueIdentifier>
      <Extensions>rc;ico;cur;bmp;dlg;rc2;rct;bin;rgs;gif;jpg;jpeg;jpe;resx;tiff;tif;png;wav;mfcribbon-ms</Extensions>
    </Filter>
  </ItemGroup>
  <ItemGroup>
    <ClInclude Include="Source\StdInclude.h">
      <Filter>Header Files</Filter>
    </ClInclude>
    <ClInclude Include="Source\Utility\ByteBuffer.h">
      <Filter>Header Files</Filter>
    </ClInclude>
    <ClInclude Include="Source\Utility\FileSystem.h">
      <Filter>Header Files</Filter>
    </ClInclude>
    <ClInclude Include="Source\Utility\hString.h">
      <Filter>Header Files</Filter>
    </ClInclude>
    <ClInclude Include="Source\Utility\hConsole.h">
      <Filter>Header Files</Filter>
    </ClInclude>
    <ClInclude Include="Source\External\GlobalVariables.h">
      <Filter>Header Files</Filter>
    </ClInclude>
    <ClInclude Include="Source\External\GameInformation.h">
      <Filter>Header Files</Filter>
    </ClInclude>
    <ClInclude Include="Source\Plugin\PluginBase.h">
      <Filter>Header Files</Filter>
    </ClInclude>
    <ClInclude Include="Source\Plugin\PluginManager.h">
      <Filter>Header Files</Filter>
    </ClInclude>
    <ClInclude Include="Source\Steam\Common\FriendCommon.h">
      <Filter>Header Files</Filter>
    </ClInclude>
    <ClInclude Include="Source\Steam\Common\GameServerItem.h">
      <Filter>Header Files</Filter>
    </ClInclude>
    <ClInclude Include="Source\Steam\Common\MatchmakingCommon.h">
      <Filter>Header Files</Filter>
    </ClInclude>
    <ClInclude Include="Source\Steam\Common\MatchmakingServersCommon.h">
      <Filter>Header Files</Filter>
    </ClInclude>
    <ClInclude Include="Source\Steam\Common\NetworkingCommon.h">
      <Filter>Header Files</Filter>
    </ClInclude>
    <ClInclude Include="Source\Steam\Common\ServerNetaddr.h">
      <Filter>Header Files</Filter>
    </ClInclude>
    <ClInclude Include="Source\Steam\Common\AppsCommon.h">
      <Filter>Header Files</Filter>
    </ClInclude>
    <ClInclude Include="Source\Steam\Common\AppTicketCommon.h">
      <Filter>Header Files</Filter>
    </ClInclude>
    <ClInclude Include="Source\Steam\Common\BillingCommon.h">
      <Filter>Header Files</Filter>
    </ClInclude>
    <ClInclude Include="Source\Steam\Common\BridgeCommon.h">
      <Filter>Header Files</Filter>
    </ClInclude>
    <ClInclude Include="Source\Steam\Common\ClientCommon.h">
      <Filter>Header Files</Filter>
    </ClInclude>
    <ClInclude Include="Source\Steam\Common\ContentServerCommon.h">
      <Filter>Header Files</Filter>
    </ClInclude>
    <ClInclude Include="Source\Steam\Common\ControllerCommon.h">
      <Filter>Header Files</Filter>
    </ClInclude>
    <ClInclude Include="Source\Steam\Common\FriendsCommon.h">
      <Filter>Header Files</Filter>
    </ClInclude>
    <ClInclude Include="Source\Steam\Common\GameCoordinatorCommon.h">
      <Filter>Header Files</Filter>
    </ClInclude>
    <ClInclude Include="Source\Steam\Common\GameServerCommon.h">
      <Filter>Header Files</Filter>
    </ClInclude>
    <ClInclude Include="Source\Steam\Common\GameServerStatsCommon.h">
      <Filter>Header Files</Filter>
    </ClInclude>
    <ClInclude Include="Source\Steam\Common\GameStatsCommon.h">
      <Filter>Header Files</Filter>
    </ClInclude>
    <ClInclude Include="Source\Steam\Common\HTTPCommon.h">
      <Filter>Header Files</Filter>
    </ClInclude>
    <ClInclude Include="Source\Steam\Common\MasterServerUpdaterCommon.h">
      <Filter>Header Files</Filter>
    </ClInclude>
    <ClInclude Include="Source\Steam\Common\MusicCommon.h">
      <Filter>Header Files</Filter>
    </ClInclude>
    <ClInclude Include="Source\Steam\Common\OAuthCommon.h">
      <Filter>Header Files</Filter>
    </ClInclude>
    <ClInclude Include="Source\Steam\Common\RemoteStorageCommon.h">
      <Filter>Header Files</Filter>
    </ClInclude>
    <ClInclude Include="Source\Steam\Common\ScreenshotsCommon.h">
      <Filter>Header Files</Filter>
    </ClInclude>
    <ClInclude Include="Source\Steam\Common\StreamLauncherCommon.h">
      <Filter>Header Files</Filter>
    </ClInclude>
    <ClInclude Include="Source\Steam\Common\UGCCommon.h">
      <Filter>Header Files</Filter>
    </ClInclude>
    <ClInclude Include="Source\Steam\Common\UnifiedMessagesCommon.h">
      <Filter>Header Files</Filter>
    </ClInclude>
    <ClInclude Include="Source\Steam\Common\UserCommon.h">
      <Filter>Header Files</Filter>
    </ClInclude>
    <ClInclude Include="Source\Steam\Common\UserStatsCommon.h">
      <Filter>Header Files</Filter>
    </ClInclude>
    <ClInclude Include="Source\Steam\Common\UtilsCommon.h">
      <Filter>Header Files</Filter>
    </ClInclude>
    <ClInclude Include="Source\Steam\Interface\IClientAppManager.h">
      <Filter>Header Files</Filter>
    </ClInclude>
    <ClInclude Include="Source\Steam\Interface\IClientApps.h">
      <Filter>Header Files</Filter>
    </ClInclude>
    <ClInclude Include="Source\Steam\Interface\IClientAudio.h">
      <Filter>Header Files</Filter>
    </ClInclude>
    <ClInclude Include="Source\Steam\Interface\IClientBilling.h">
      <Filter>Header Files</Filter>
    </ClInclude>
    <ClInclude Include="Source\Steam\Interface\IClientConfigStore.h">
      <Filter>Header Files</Filter>
    </ClInclude>
    <ClInclude Include="Source\Steam\Interface\IClientContentServer.h">
      <Filter>Header Files</Filter>
    </ClInclude>
    <ClInclude Include="Source\Steam\Interface\IClientDepotBuilder.h">
      <Filter>Header Files</Filter>
    </ClInclude>
    <ClInclude Include="Source\Steam\Interface\IClientDeviceAuth.h">
      <Filter>Header Files</Filter>
    </ClInclude>
    <ClInclude Include="Source\Steam\Interface\IClientEngine.h">
      <Filter>Header Files</Filter>
    </ClInclude>
    <ClInclude Include="Source\Steam\Interface\IClientFriends.h">
      <Filter>Header Files</Filter>
    </ClInclude>
    <ClInclude Include="Source\Steam\Interface\IClientGameCoordinator.h">
      <Filter>Header Files</Filter>
    </ClInclude>
    <ClInclude Include="Source\Steam\Interface\IClientGameServer.h">
      <Filter>Header Files</Filter>
    </ClInclude>
    <ClInclude Include="Source\Steam\Interface\IClientGameServerStats.h">
      <Filter>Header Files</Filter>
    </ClInclude>
    <ClInclude Include="Source\Steam\Interface\IClientGameStats.h">
      <Filter>Header Files</Filter>
    </ClInclude>
    <ClInclude Include="Source\Steam\Interface\IClientHTTP.h">
      <Filter>Header Files</Filter>
    </ClInclude>
    <ClInclude Include="Source\Steam\Interface\IClientMasterServerUpdater.h">
      <Filter>Header Files</Filter>
    </ClInclude>
    <ClInclude Include="Source\Steam\Interface\IClientMatchmaking.h">
      <Filter>Header Files</Filter>
    </ClInclude>
    <ClInclude Include="Source\Steam\Interface\IClientMatchmakingServers.h">
      <Filter>Header Files</Filter>
    </ClInclude>
    <ClInclude Include="Source\Steam\Interface\IClientMusic.h">
      <Filter>Header Files</Filter>
    </ClInclude>
    <ClInclude Include="Source\Steam\Interface\IClientNetworkDeviceManager.h">
      <Filter>Header Files</Filter>
    </ClInclude>
    <ClInclude Include="Source\Steam\Interface\IClientNetworking.h">
      <Filter>Header Files</Filter>
    </ClInclude>
    <ClInclude Include="Source\Steam\Interface\IClientProductBuilder.h">
      <Filter>Header Files</Filter>
    </ClInclude>
    <ClInclude Include="Source\Steam\Interface\IClientRemoteStorage.h">
      <Filter>Header Files</Filter>
    </ClInclude>
    <ClInclude Include="Source\Steam\Interface\IClientScreenshots.h">
      <Filter>Header Files</Filter>
    </ClInclude>
    <ClInclude Include="Source\Steam\Interface\IClientShortcuts.h">
      <Filter>Header Files</Filter>
    </ClInclude>
    <ClInclude Include="Source\Steam\Interface\IClientStreamClient.h">
      <Filter>Header Files</Filter>
    </ClInclude>
    <ClInclude Include="Source\Steam\Interface\IClientStreamLauncher.h">
      <Filter>Header Files</Filter>
    </ClInclude>
    <ClInclude Include="Source\Steam\Interface\IClientUGC.h">
      <Filter>Header Files</Filter>
    </ClInclude>
    <ClInclude Include="Source\Steam\Interface\IClientUnifiedMessages.h">
      <Filter>Header Files</Filter>
    </ClInclude>
    <ClInclude Include="Source\Steam\Interface\IClientUser.h">
      <Filter>Header Files</Filter>
    </ClInclude>
    <ClInclude Include="Source\Steam\Interface\IClientUserStats.h">
      <Filter>Header Files</Filter>
    </ClInclude>
    <ClInclude Include="Source\Steam\Interface\IClientUtils.h">
      <Filter>Header Files</Filter>
    </ClInclude>
    <ClInclude Include="Source\Steam\Interface\Interface_OSW.h">
      <Filter>Header Files</Filter>
    </ClInclude>
    <ClInclude Include="Source\Steam\Interface\ISteam2Bridge001.h">
      <Filter>Header Files</Filter>
    </ClInclude>
    <ClInclude Include="Source\Steam\Interface\ISteam2Bridge002.h">
      <Filter>Header Files</Filter>
    </ClInclude>
    <ClInclude Include="Source\Steam\Interface\ISteam003.h">
      <Filter>Header Files</Filter>
    </ClInclude>
    <ClInclude Include="Source\Steam\Interface\ISteam004.h">
      <Filter>Header Files</Filter>
    </ClInclude>
    <ClInclude Include="Source\Steam\Interface\ISteam005.h">
      <Filter>Header Files</Filter>
    </ClInclude>
    <ClInclude Include="Source\Steam\Interface\ISteam006.h">
      <Filter>Header Files</Filter>
    </ClInclude>
    <ClInclude Include="Source\Steam\Interface\ISteamAppList001.h">
      <Filter>Header Files</Filter>
    </ClInclude>
    <ClInclude Include="Source\Steam\Interface\ISteamApps001.h">
      <Filter>Header Files</Filter>
    </ClInclude>
    <ClInclude Include="Source\Steam\Interface\ISteamApps002.h">
      <Filter>Header Files</Filter>
    </ClInclude>
    <ClInclude Include="Source\Steam\Interface\ISteamApps003.h">
      <Filter>Header Files</Filter>
    </ClInclude>
    <ClInclude Include="Source\Steam\Interface\ISteamApps004.h">
      <Filter>Header Files</Filter>
    </ClInclude>
    <ClInclude Include="Source\Steam\Interface\ISteamApps005.h">
      <Filter>Header Files</Filter>
    </ClInclude>
    <ClInclude Include="Source\Steam\Interface\ISteamApps006.h">
      <Filter>Header Files</Filter>
    </ClInclude>
    <ClInclude Include="Source\Steam\Interface\ISteamAppTicket001.h">
      <Filter>Header Files</Filter>
    </ClInclude>
    <ClInclude Include="Source\Steam\Interface\ISteamBilling001.h">
      <Filter>Header Files</Filter>
    </ClInclude>
    <ClInclude Include="Source\Steam\Interface\ISteamBilling002.h">
      <Filter>Header Files</Filter>
    </ClInclude>
    <ClInclude Include="Source\Steam\Interface\ISteamClient006.h">
      <Filter>Header Files</Filter>
    </ClInclude>
    <ClInclude Include="Source\Steam\Interface\ISteamClient007.h">
      <Filter>Header Files</Filter>
    </ClInclude>
    <ClInclude Include="Source\Steam\Interface\ISteamClient008.h">
      <Filter>Header Files</Filter>
    </ClInclude>
    <ClInclude Include="Source\Steam\Interface\ISteamClient009.h">
      <Filter>Header Files</Filter>
    </ClInclude>
    <ClInclude Include="Source\Steam\Interface\ISteamClient010.h">
      <Filter>Header Files</Filter>
    </ClInclude>
    <ClInclude Include="Source\Steam\Interface\ISteamClient011.h">
      <Filter>Header Files</Filter>
    </ClInclude>
    <ClInclude Include="Source\Steam\Interface\ISteamClient012.h">
      <Filter>Header Files</Filter>
    </ClInclude>
    <ClInclude Include="Source\Steam\Interface\ISteamContentServer001.h">
      <Filter>Header Files</Filter>
    </ClInclude>
    <ClInclude Include="Source\Steam\Interface\ISteamContentServer002.h">
      <Filter>Header Files</Filter>
    </ClInclude>
    <ClInclude Include="Source\Steam\Interface\ISteamController001.h">
      <Filter>Header Files</Filter>
    </ClInclude>
    <ClInclude Include="Source\Steam\Interface\ISteamFriends001.h">
      <Filter>Header Files</Filter>
    </ClInclude>
    <ClInclude Include="Source\Steam\Interface\ISteamFriends002.h">
      <Filter>Header Files</Filter>
    </ClInclude>
    <ClInclude Include="Source\Steam\Interface\ISteamFriends003.h">
      <Filter>Header Files</Filter>
    </ClInclude>
    <ClInclude Include="Source\Steam\Interface\ISteamFriends004.h">
      <Filter>Header Files</Filter>
    </ClInclude>
    <ClInclude Include="Source\Steam\Interface\ISteamFriends005.h">
      <Filter>Header Files</Filter>
    </ClInclude>
    <ClInclude Include="Source\Steam\Interface\ISteamFriends006.h">
      <Filter>Header Files</Filter>
    </ClInclude>
    <ClInclude Include="Source\Steam\Interface\ISteamFriends007.h">
      <Filter>Header Files</Filter>
    </ClInclude>
    <ClInclude Include="Source\Steam\Interface\ISteamFriends008.h">
      <Filter>Header Files</Filter>
    </ClInclude>
    <ClInclude Include="Source\Steam\Interface\ISteamFriends009.h">
      <Filter>Header Files</Filter>
    </ClInclude>
    <ClInclude Include="Source\Steam\Interface\ISteamFriends010.h">
      <Filter>Header Files</Filter>
    </ClInclude>
    <ClInclude Include="Source\Steam\Interface\ISteamFriends011.h">
      <Filter>Header Files</Filter>
    </ClInclude>
    <ClInclude Include="Source\Steam\Interface\ISteamFriends012.h">
      <Filter>Header Files</Filter>
    </ClInclude>
    <ClInclude Include="Source\Steam\Interface\ISteamFriends013.h">
      <Filter>Header Files</Filter>
    </ClInclude>
    <ClInclude Include="Source\Steam\Interface\ISteamFriends014.h">
      <Filter>Header Files</Filter>
    </ClInclude>
    <ClInclude Include="Source\Steam\Interface\ISteamGameCoordinator001.h">
      <Filter>Header Files</Filter>
    </ClInclude>
    <ClInclude Include="Source\Steam\Interface\ISteamGameServer002.h">
      <Filter>Header Files</Filter>
    </ClInclude>
    <ClInclude Include="Source\Steam\Interface\ISteamGameServer003.h">
      <Filter>Header Files</Filter>
    </ClInclude>
    <ClInclude Include="Source\Steam\Interface\ISteamGameServer004.h">
      <Filter>Header Files</Filter>
    </ClInclude>
    <ClInclude Include="Source\Steam\Interface\ISteamGameServer005.h">
      <Filter>Header Files</Filter>
    </ClInclude>
    <ClInclude Include="Source\Steam\Interface\ISteamGameServer006.h">
      <Filter>Header Files</Filter>
    </ClInclude>
    <ClInclude Include="Source\Steam\Interface\ISteamGameServer007.h">
      <Filter>Header Files</Filter>
    </ClInclude>
    <ClInclude Include="Source\Steam\Interface\ISteamGameServer008.h">
      <Filter>Header Files</Filter>
    </ClInclude>
    <ClInclude Include="Source\Steam\Interface\ISteamGameServer009.h">
      <Filter>Header Files</Filter>
    </ClInclude>
    <ClInclude Include="Source\Steam\Interface\ISteamGameServer010.h">
      <Filter>Header Files</Filter>
    </ClInclude>
    <ClInclude Include="Source\Steam\Interface\ISteamGameServer011.h">
      <Filter>Header Files</Filter>
    </ClInclude>
    <ClInclude Include="Source\Steam\Interface\ISteamGameServer012.h">
      <Filter>Header Files</Filter>
    </ClInclude>
    <ClInclude Include="Source\Steam\Interface\ISteamGameServerStats001.h">
      <Filter>Header Files</Filter>
    </ClInclude>
    <ClInclude Include="Source\Steam\Interface\ISteamGameStats001.h">
      <Filter>Header Files</Filter>
    </ClInclude>
    <ClInclude Include="Source\Steam\Interface\ISteamHTTP001.h">
      <Filter>Header Files</Filter>
    </ClInclude>
    <ClInclude Include="Source\Steam\Interface\ISteamHTTP002.h">
      <Filter>Header Files</Filter>
    </ClInclude>
    <ClInclude Include="Source\Steam\Interface\ISteamMasterServerUpdater001.h">
      <Filter>Header Files</Filter>
    </ClInclude>
    <ClInclude Include="Source\Steam\Interface\ISteamMatchmaking001.h">
      <Filter>Header Files</Filter>
    </ClInclude>
    <ClInclude Include="Source\Steam\Interface\ISteamMatchmaking002.h">
      <Filter>Header Files</Filter>
    </ClInclude>
    <ClInclude Include="Source\Steam\Interface\ISteamMatchmaking003.h">
      <Filter>Header Files</Filter>
    </ClInclude>
    <ClInclude Include="Source\Steam\Interface\ISteamMatchmaking004.h">
      <Filter>Header Files</Filter>
    </ClInclude>
    <ClInclude Include="Source\Steam\Interface\ISteamMatchmaking005.h">
      <Filter>Header Files</Filter>
    </ClInclude>
    <ClInclude Include="Source\Steam\Interface\ISteamMatchmaking006.h">
      <Filter>Header Files</Filter>
    </ClInclude>
    <ClInclude Include="Source\Steam\Interface\ISteamMatchmaking007.h">
      <Filter>Header Files</Filter>
    </ClInclude>
    <ClInclude Include="Source\Steam\Interface\ISteamMatchmaking008.h">
      <Filter>Header Files</Filter>
    </ClInclude>
    <ClInclude Include="Source\Steam\Interface\ISteamMatchmaking009.h">
      <Filter>Header Files</Filter>
    </ClInclude>
    <ClInclude Include="Source\Steam\Interface\ISteamMatchmakingServers001.h">
      <Filter>Header Files</Filter>
    </ClInclude>
    <ClInclude Include="Source\Steam\Interface\ISteamMatchmakingServers002.h">
      <Filter>Header Files</Filter>
    </ClInclude>
    <ClInclude Include="Source\Steam\Interface\ISteamMusic001.h">
      <Filter>Header Files</Filter>
    </ClInclude>
    <ClInclude Include="Source\Steam\Interface\ISteamNetworking001.h">
      <Filter>Header Files</Filter>
    </ClInclude>
    <ClInclude Include="Source\Steam\Interface\ISteamNetworking002.h">
      <Filter>Header Files</Filter>
    </ClInclude>
    <ClInclude Include="Source\Steam\Interface\ISteamNetworking003.h">
      <Filter>Header Files</Filter>
    </ClInclude>
    <ClInclude Include="Source\Steam\Interface\ISteamNetworking004.h">
      <Filter>Header Files</Filter>
    </ClInclude>
    <ClInclude Include="Source\Steam\Interface\ISteamNetworking005.h">
      <Filter>Header Files</Filter>
    </ClInclude>
    <ClInclude Include="Source\Steam\Interface\ISteamOAuth001.h">
      <Filter>Header Files</Filter>
    </ClInclude>
    <ClInclude Include="Source\Steam\Interface\ISteamRemoteStorage001.h">
      <Filter>Header Files</Filter>
    </ClInclude>
    <ClInclude Include="Source\Steam\Interface\ISteamRemoteStorage002.h">
      <Filter>Header Files</Filter>
    </ClInclude>
    <ClInclude Include="Source\Steam\Interface\ISteamRemoteStorage003.h">
      <Filter>Header Files</Filter>
    </ClInclude>
    <ClInclude Include="Source\Steam\Interface\ISteamRemoteStorage004.h">
      <Filter>Header Files</Filter>
    </ClInclude>
    <ClInclude Include="Source\Steam\Interface\ISteamRemoteStorage005.h">
      <Filter>Header Files</Filter>
    </ClInclude>
    <ClInclude Include="Source\Steam\Interface\ISteamRemoteStorage006.h">
      <Filter>Header Files</Filter>
    </ClInclude>
    <ClInclude Include="Source\Steam\Interface\ISteamRemoteStorage007.h">
      <Filter>Header Files</Filter>
    </ClInclude>
    <ClInclude Include="Source\Steam\Interface\ISteamRemoteStorage008.h">
      <Filter>Header Files</Filter>
    </ClInclude>
    <ClInclude Include="Source\Steam\Interface\ISteamRemoteStorage009.h">
      <Filter>Header Files</Filter>
    </ClInclude>
    <ClInclude Include="Source\Steam\Interface\ISteamRemoteStorage010.h">
      <Filter>Header Files</Filter>
    </ClInclude>
    <ClInclude Include="Source\Steam\Interface\ISteamRemoteStorage011.h">
      <Filter>Header Files</Filter>
    </ClInclude>
    <ClInclude Include="Source\Steam\Interface\ISteamRemoteStorage012.h">
      <Filter>Header Files</Filter>
    </ClInclude>
    <ClInclude Include="Source\Steam\Interface\ISteamScreenshots001.h">
      <Filter>Header Files</Filter>
    </ClInclude>
    <ClInclude Include="Source\Steam\Interface\ISteamScreenshots002.h">
      <Filter>Header Files</Filter>
    </ClInclude>
    <ClInclude Include="Source\Steam\Interface\ISteamStreamLauncher001.h">
      <Filter>Header Files</Filter>
    </ClInclude>
    <ClInclude Include="Source\Steam\Interface\ISteamUGC001.h">
      <Filter>Header Files</Filter>
    </ClInclude>
    <ClInclude Include="Source\Steam\Interface\ISteamUGC002.h">
      <Filter>Header Files</Filter>
    </ClInclude>
    <ClInclude Include="Source\Steam\Interface\ISteamUnifiedMessages001.h">
      <Filter>Header Files</Filter>
    </ClInclude>
    <ClInclude Include="Source\Steam\Interface\ISteamUser004.h">
      <Filter>Header Files</Filter>
    </ClInclude>
    <ClInclude Include="Source\Steam\Interface\ISteamUser005.h">
      <Filter>Header Files</Filter>
    </ClInclude>
    <ClInclude Include="Source\Steam\Interface\ISteamUser006.h">
      <Filter>Header Files</Filter>
    </ClInclude>
    <ClInclude Include="Source\Steam\Interface\ISteamUser007.h">
      <Filter>Header Files</Filter>
    </ClInclude>
    <ClInclude Include="Source\Steam\Interface\ISteamUser008.h">
      <Filter>Header Files</Filter>
    </ClInclude>
    <ClInclude Include="Source\Steam\Interface\ISteamUser009.h">
      <Filter>Header Files</Filter>
    </ClInclude>
    <ClInclude Include="Source\Steam\Interface\ISteamUser010.h">
      <Filter>Header Files</Filter>
    </ClInclude>
    <ClInclude Include="Source\Steam\Interface\ISteamUser011.h">
      <Filter>Header Files</Filter>
    </ClInclude>
    <ClInclude Include="Source\Steam\Interface\ISteamUser012.h">
      <Filter>Header Files</Filter>
    </ClInclude>
    <ClInclude Include="Source\Steam\Interface\ISteamUser013.h">
      <Filter>Header Files</Filter>
    </ClInclude>
    <ClInclude Include="Source\Steam\Interface\ISteamUser014.h">
      <Filter>Header Files</Filter>
    </ClInclude>
    <ClInclude Include="Source\Steam\Interface\ISteamUser015.h">
      <Filter>Header Files</Filter>
    </ClInclude>
    <ClInclude Include="Source\Steam\Interface\ISteamUser016.h">
      <Filter>Header Files</Filter>
    </ClInclude>
    <ClInclude Include="Source\Steam\Interface\ISteamUser017.h">
      <Filter>Header Files</Filter>
    </ClInclude>
    <ClInclude Include="Source\Steam\Interface\ISteamUserStats001.h">
      <Filter>Header Files</Filter>
    </ClInclude>
    <ClInclude Include="Source\Steam\Interface\ISteamUserStats002.h">
      <Filter>Header Files</Filter>
    </ClInclude>
    <ClInclude Include="Source\Steam\Interface\ISteamUserStats003.h">
      <Filter>Header Files</Filter>
    </ClInclude>
    <ClInclude Include="Source\Steam\Interface\ISteamUserStats004.h">
      <Filter>Header Files</Filter>
    </ClInclude>
    <ClInclude Include="Source\Steam\Interface\ISteamUserStats005.h">
      <Filter>Header Files</Filter>
    </ClInclude>
    <ClInclude Include="Source\Steam\Interface\ISteamUserStats006.h">
      <Filter>Header Files</Filter>
    </ClInclude>
    <ClInclude Include="Source\Steam\Interface\ISteamUserStats007.h">
      <Filter>Header Files</Filter>
    </ClInclude>
    <ClInclude Include="Source\Steam\Interface\ISteamUserStats008.h">
      <Filter>Header Files</Filter>
    </ClInclude>
    <ClInclude Include="Source\Steam\Interface\ISteamUserStats009.h">
      <Filter>Header Files</Filter>
    </ClInclude>
    <ClInclude Include="Source\Steam\Interface\ISteamUserStats010.h">
      <Filter>Header Files</Filter>
    </ClInclude>
    <ClInclude Include="Source\Steam\Interface\ISteamUserStats011.h">
      <Filter>Header Files</Filter>
    </ClInclude>
    <ClInclude Include="Source\Steam\Interface\ISteamUtils001.h">
      <Filter>Header Files</Filter>
    </ClInclude>
    <ClInclude Include="Source\Steam\Interface\ISteamUtils002.h">
      <Filter>Header Files</Filter>
    </ClInclude>
    <ClInclude Include="Source\Steam\Interface\ISteamUtils003.h">
      <Filter>Header Files</Filter>
    </ClInclude>
    <ClInclude Include="Source\Steam\Interface\ISteamUtils004.h">
      <Filter>Header Files</Filter>
    </ClInclude>
    <ClInclude Include="Source\Steam\Interface\ISteamUtils005.h">
      <Filter>Header Files</Filter>
    </ClInclude>
    <ClInclude Include="Source\Steam\Interface\ISteamUtils006.h">
      <Filter>Header Files</Filter>
    </ClInclude>
    <ClInclude Include="Source\Steam\Interface\ISteamUtils007.h">
      <Filter>Header Files</Filter>
    </ClInclude>
    <ClInclude Include="Source\Steam\Interface\SteamClient.h">
      <Filter>Header Files</Filter>
    </ClInclude>
    <ClInclude Include="Source\Steam\SteamTypes\CGameID.h">
      <Filter>Header Files</Filter>
    </ClInclude>
    <ClInclude Include="Source\Steam\SteamTypes\CSteamAPIContext.h">
      <Filter>Header Files</Filter>
    </ClInclude>
    <ClInclude Include="Source\Steam\SteamTypes\CSteamID.h">
      <Filter>Header Files</Filter>
    </ClInclude>
    <ClInclude Include="Source\Steam\SteamTypes\ECurrencyCode.h">
      <Filter>Header Files</Filter>
    </ClInclude>
    <ClInclude Include="Source\Steam\SteamTypes\EResult.h">
      <Filter>Header Files</Filter>
    </ClInclude>
    <ClInclude Include="Source\Steam\SteamTypes\ESteamAppUpdateStatsQueryType.h">
      <Filter>Header Files</Filter>
    </ClInclude>
    <ClInclude Include="Source\Steam\SteamTypes\ESteamBufferMethod.h">
      <Filter>Header Files</Filter>
    </ClInclude>
    <ClInclude Include="Source\Steam\SteamTypes\ESteamError.h">
      <Filter>Header Files</Filter>
    </ClInclude>
    <ClInclude Include="Source\Steam\SteamTypes\ESteamFindFilter.h">
      <Filter>Header Files</Filter>
    </ClInclude>
    <ClInclude Include="Source\Steam\SteamTypes\ESteamNotify.h">
      <Filter>Header Files</Filter>
    </ClInclude>
    <ClInclude Include="Source\Steam\SteamTypes\ESteamPaymentCardType.h">
      <Filter>Header Files</Filter>
    </ClInclude>
    <ClInclude Include="Source\Steam\SteamTypes\ESteamSeekMethod.h">
      <Filter>Header Files</Filter>
    </ClInclude>
    <ClInclude Include="Source\Steam\SteamTypes\ESteamServerType.h">
      <Filter>Header Files</Filter>
    </ClInclude>
    <ClInclude Include="Source\Steam\SteamTypes\ESteamSubscriptionBillingInfoType.h">
      <Filter>Header Files</Filter>
    </ClInclude>
    <ClInclude Include="Source\Steam\SteamTypes\ESteamSubscriptionStatus.h">
      <Filter>Header Files</Filter>
    </ClInclude>
    <ClInclude Include="Source\Steam\SteamTypes\EVoiceResult.h">
      <Filter>Header Files</Filter>
    </ClInclude>
    <ClInclude Include="Source\Steam\SteamTypes\FriendGameInfo.h">
      <Filter>Header Files</Filter>
    </ClInclude>
    <ClInclude Include="Source\Steam\SteamTypes\gameserveritem.h">
      <Filter>Header Files</Filter>
    </ClInclude>
    <ClInclude Include="Source\Steam\SteamTypes\MatchMakingKeyValuePair.h">
      <Filter>Header Files</Filter>
    </ClInclude>
    <ClInclude Include="Source\Steam\SteamTypes\servernetadr.h">
      <Filter>Header Files</Filter>
    </ClInclude>
    <ClInclude Include="Source\Steam\SteamTypes\SteamSalt.h">
      <Filter>Header Files</Filter>
    </ClInclude>
    <ClInclude Include="Source\Steam\SteamTypes\SteamTypes.h">
      <Filter>Header Files</Filter>
    </ClInclude>
    <ClInclude Include="Source\Steam\SteamTypes\Steamworks.h">
      <Filter>Header Files</Filter>
    </ClInclude>
    <ClInclude Include="Source\Steam\SteamTypes\TSteamApp.h">
      <Filter>Header Files</Filter>
    </ClInclude>
    <ClInclude Include="Source\Steam\SteamTypes\TSteamAppDependencyInfo.h">
      <Filter>Header Files</Filter>
    </ClInclude>
    <ClInclude Include="Source\Steam\SteamTypes\TSteamAppLaunchOption.h">
      <Filter>Header Files</Filter>
    </ClInclude>
    <ClInclude Include="Source\Steam\SteamTypes\TSteamAppStats.h">
      <Filter>Header Files</Filter>
    </ClInclude>
    <ClInclude Include="Source\Steam\SteamTypes\TSteamAppVersion.h">
      <Filter>Header Files</Filter>
    </ClInclude>
    <ClInclude Include="Source\Steam\SteamTypes\TSteamDiscountQualifier.h">
      <Filter>Header Files</Filter>
    </ClInclude>
    <ClInclude Include="Source\Steam\SteamTypes\TSteamElemInfo.h">
      <Filter>Header Files</Filter>
    </ClInclude>
    <ClInclude Include="Source\Steam\SteamTypes\TSteamError.h">
      <Filter>Header Files</Filter>
    </ClInclude>
    <ClInclude Include="Source\Steam\SteamTypes\TSteamExternalBillingInfo.h">
      <Filter>Header Files</Filter>
    </ClInclude>
    <ClInclude Include="Source\Steam\SteamTypes\TSteamGlobalUserID.h">
      <Filter>Header Files</Filter>
    </ClInclude>
    <ClInclude Include="Source\Steam\SteamTypes\TSteamOfflineStatus.h">
      <Filter>Header Files</Filter>
    </ClInclude>
    <ClInclude Include="Source\Steam\SteamTypes\TSteamPaymentCardInfo.h">
      <Filter>Header Files</Filter>
    </ClInclude>
    <ClInclude Include="Source\Steam\SteamTypes\TSteamPaymentCardReceiptInfo.h">
      <Filter>Header Files</Filter>
    </ClInclude>
    <ClInclude Include="Source\Steam\SteamTypes\TSteamPrepurchaseInfo.h">
      <Filter>Header Files</Filter>
    </ClInclude>
    <ClInclude Include="Source\Steam\SteamTypes\TSteamPrepurchaseReceiptInfo.h">
      <Filter>Header Files</Filter>
    </ClInclude>
    <ClInclude Include="Source\Steam\SteamTypes\TSteamProgress.h">
      <Filter>Header Files</Filter>
    </ClInclude>
    <ClInclude Include="Source\Steam\SteamTypes\TSteamSplitLocalUserID.h">
      <Filter>Header Files</Filter>
    </ClInclude>
    <ClInclude Include="Source\Steam\SteamTypes\TSteamSubscription.h">
      <Filter>Header Files</Filter>
    </ClInclude>
    <ClInclude Include="Source\Steam\SteamTypes\TSteamSubscriptionBillingInfo.h">
      <Filter>Header Files</Filter>
    </ClInclude>
    <ClInclude Include="Source\Steam\SteamTypes\TSteamSubscriptionDiscount.h">
      <Filter>Header Files</Filter>
    </ClInclude>
    <ClInclude Include="Source\Steam\SteamTypes\TSteamSubscriptionReceipt.h">
      <Filter>Header Files</Filter>
    </ClInclude>
    <ClInclude Include="Source\Steam\SteamTypes\TSteamSubscriptionStats.h">
      <Filter>Header Files</Filter>
    </ClInclude>
    <ClInclude Include="Source\Steam\SteamTypes\TSteamUpdateStats.h">
      <Filter>Header Files</Filter>
    </ClInclude>
    <ClInclude Include="Source\Steam\InterfaceManager.h">
      <Filter>Header Files</Filter>
    </ClInclude>
    <ClInclude Include="Source\Steam\SteamCallback.h">
      <Filter>Header Files</Filter>
    </ClInclude>
    <ClInclude Include="Source\Steam\Classes\SteamClasses.h">
      <Filter>Header Files</Filter>
    </ClInclude>
    <ClInclude Include="Source\Steam\Classes\RedactedApps.h">
      <Filter>Header Files</Filter>
    </ClInclude>
    <ClInclude Include="Source\Steam\ClassWrappers\SteamApps.h">
      <Filter>Header Files</Filter>
    </ClInclude>
    <ClInclude Include="Source\Steam\ClassWrappers\SteamClasses.h">
      <Filter>Header Files</Filter>
    </ClInclude>
  </ItemGroup>
  <ItemGroup>
    <ClCompile Include="Source\Utility\ByteBuffer.cpp">
      <Filter>Source Files</Filter>
    </ClCompile>
    <ClCompile Include="Source\Utility\FileSystem.cpp">
      <Filter>Source Files</Filter>
    </ClCompile>
    <ClCompile Include="Source\Utility\hString.cpp">
      <Filter>Source Files</Filter>
    </ClCompile>
    <ClCompile Include="Source\Utility\hConsole.cpp">
      <Filter>Source Files</Filter>
    </ClCompile>
    <ClCompile Include="Source\External\GlobalVariables.cpp">
      <Filter>Source Files</Filter>
    </ClCompile>
    <ClCompile Include="Source\DllMain.cpp">
      <Filter>Source Files</Filter>
    </ClCompile>
    <ClCompile Include="Source\Plugin\PluginManager.cpp">
      <Filter>Source Files</Filter>
    </ClCompile>
    <ClCompile Include="Source\Steam\InterfaceManager.cpp">
      <Filter>Source Files</Filter>
    </ClCompile>
    <ClCompile Include="Source\Steam\SteamCallback.cpp">
      <Filter>Source Files</Filter>
    </ClCompile>
    <ClCompile Include="Source\Steam\Classes\RedactedApps.cpp">
      <Filter>Source Files</Filter>
    </ClCompile>
    <ClCompile Include="Source\Steam\ClassWrappers\SteamApps.cpp">
      <Filter>Source Files</Filter>
    </ClCompile>
  </ItemGroup>
</Project>